
Microsoft Visual Studio Solution File, Format Version 12.00
# Visual Studio Version 17
VisualStudioVersion = 17.8.34330.188
MinimumVisualStudioVersion = 10.0.40219.1
Project("{FAE04EC0-301F-11D3-BF4B-00C04F79EFBC}") = "EazTrialRemover2024", "EazTrialRemover2024.csproj", "{29BF0360-3679-45A5-9C0D-D08EB82F8792}"
EndProject
Global
	GlobalSection(SolutionConfigurationPlatforms) = preSolution
		Debug|Any CPU = Debug|Any CPU
		Release|Any CPU = Release|Any CPU
	EndGlobalSection
	GlobalSection(ProjectConfigurationPlatforms) = postSolution
		{29BF0360-3679-45A5-9C0D-D08EB82F8792}.Debug|Any CPU.ActiveCfg = Debug|Any CPU
		{29BF0360-3679-45A5-9C0D-D08EB82F8792}.Debug|Any CPU.Build.0 = Debug|Any CPU
		{29BF0360-3679-45A5-9C0D-D08EB82F8792}.Release|Any CPU.ActiveCfg = Release|Any CPU
		{29BF0360-3679-45A5-9C0D-D08EB82F8792}.Release|Any CPU.Build.0 = Release|Any CPU
	EndGlobalSection
	GlobalSection(SolutionProperties) = preSolution
		HideSolutionNode = FALSE
	EndGlobalSection
	GlobalSection(ExtensibilityGlobals) = postSolution
		SolutionGuid = {69B1E1D0-2DE2-4585-BCFB-37AAB5AA1E74}
	EndGlobalSection
EndGlobal
